GEM
  remote: https://rubygems.org/
  specs:
    asetus (0.4.0)
    base64 (0.3.0)
    charlock_holmes (0.7.9)
    emk-sinatra-url-for (0.2.1)
      sinatra (>= 0.9.1.1)
    haml (6.3.0)
      temple (>= 0.8.2)
      thor
      tilt
    htmlentities (4.3.4)
    json (2.15.1)
    logger (1.7.0)
    multi_json (1.17.0)
    mustermann (3.0.4)
      ruby2_keywords (~> 0.0.1)
    net-ssh (5.2.0)
    net-telnet (0.1.1)
    nio4r (2.7.4)
    oxidized (0.26.3)
      asetus (~> 0.1)
      net-ssh (~> 5)
      net-telnet (~> 0.1.1)
      rugged (~> 0.21, >= 0.21.4)
      slop (~> 3.5)
    oxidized-script (0.6.0)
      oxidized (~> 0.25)
      slop (~> 3.5)
    oxidized-web (0.14.0)
      charlock_holmes (~> 0.7.5)
      emk-sinatra-url-for (~> 0.2)
      haml (~> 6.0)
      htmlentities (~> 4.3)
      json (~> 2.3)
      oxidized (~> 0.26)
      puma (>= 3.11.4, < 6.5.0)
      sinatra (>= 1.4.6, < 5.0)
      sinatra-contrib (>= 1.4.6, < 5.0)
    puma (6.4.3)
      nio4r (~> 2.0)
    rack (3.2.3)
    rack-protection (4.2.1)
      base64 (>= 0.1.0)
      logger (>= 1.6.0)
      rack (>= 3.0.0, < 4)
    rack-session (2.1.1)
      base64 (>= 0.1.0)
      rack (>= 3.0.0)
    ruby2_keywords (0.0.5)
    rugged (0.99.0)
    sinatra (4.2.1)
      logger (>= 1.6.0)
      mustermann (~> 3.0)
      rack (>= 3.0.0, < 4)
      rack-protection (= 4.2.1)
      rack-session (>= 2.0.0, < 3)
      tilt (~> 2.0)
    sinatra-contrib (4.2.1)
      multi_json (>= 0.0.2)
      mustermann (~> 3.0)
      rack-protection (= 4.2.1)
      sinatra (= 4.2.1)
      tilt (~> 2.0)
    slop (3.6.0)
    temple (0.10.4)
    thor (1.4.0)
    tilt (2.6.1)

PLATFORMS
  ruby

DEPENDENCIES
  oxidized (= 0.26.3)
  oxidized-script (= 0.6.0)
  oxidized-web (= 0.14.0)

BUNDLED WITH
   2.3.27
